{
  "object": {
    "pins": [
      {
        "package": "combine-schedulers",
        "repositoryURL": "https://github.com/pointfreeco/combine-schedulers.git",
        "state": {
          "branch": null,
          "revision": "487a4d151e795a5e076a7e7aedcd13c2ebff6c31",
          "version": "1.0.1"
        }
      },
      {
        "package": "swift-concurrency-extras",
        "repositoryURL": "https://github.com/pointfreeco/swift-concurrency-extras",
        "state": {
          "branch": null,
          "revision": "bb5059bde9022d69ac516803f4f227d8ac967f71",
          "version": "1.1.0"
        }
      },
      {
        "package": "swift-issue-reporting",
        "repositoryURL": "https://github.com/pointfreeco/swift-issue-reporting",
        "state": {
          "branch": null,
          "revision": "926f43898706eaa127db79ac42138e1ad7e85a3f",
          "version": "1.2.0"
        }
      },
      {
        "package": "swift-snapshot-testing",
        "repositoryURL": "https://github.com/pointfreeco/swift-snapshot-testing.git",
        "state": {
          "branch": null,
          "revision": "c097f955b4e724690f0fc8ffb7a6d4b881c9c4e3",
          "version": "1.17.2"
        }
      },
      {
        "package": "swift-syntax",
        "repositoryURL": "https://github.com/swiftlang/swift-syntax",
        "state": {
          "branch": null,
          "revision": "4c6cc0a3b9e8f14b3ae2307c5ccae4de6167ac2c",
          "version": "600.0.0-prerelease-2024-06-12"
        }
      }
    ]
  },
  "version": 1
}
